
Microsoft Visual Studio Solution File, Format Version 12.00
# Visual Studio Version 16
VisualStudioVersion = 16.0.31613.86
MinimumVisualStudioVersion = 10.0.40219.1
Project("{8BC9CEB8-8B4A-11D0-8D11-00A0C91BC942}") = "lab9-4", "lab9-4.vcxproj", "{CA15AB8E-EA23-4C27-8FCC-C6D627D6C025}"
EndProject
Global
	GlobalSection(SolutionConfigurationPlatforms) = preSolution
		Debug|x64 = Debug|x64
		Debug|x86 = Debug|x86
		Release|x64 = Release|x64
		Release|x86 = Release|x86
	EndGlobalSection
	GlobalSection(ProjectConfigurationPlatforms) = postSolution
		{CA15AB8E-EA23-4C27-8FCC-C6D627D6C025}.Debug|x64.ActiveCfg = Debug|x64
		{CA15AB8E-EA23-4C27-8FCC-C6D627D6C025}.Debug|x64.Build.0 = Debug|x64
		{CA15AB8E-EA23-4C27-8FCC-C6D627D6C025}.Debug|x86.ActiveCfg = Debug|Win32
		{CA15AB8E-EA23-4C27-8FCC-C6D627D6C025}.Debug|x86.Build.0 = Debug|Win32
		{CA15AB8E-EA23-4C27-8FCC-C6D627D6C025}.Release|x64.ActiveCfg = Release|x64
		{CA15AB8E-EA23-4C27-8FCC-C6D627D6C025}.Release|x64.Build.0 = Release|x64
		{CA15AB8E-EA23-4C27-8FCC-C6D627D6C025}.Release|x86.ActiveCfg = Release|Win32
		{CA15AB8E-EA23-4C27-8FCC-C6D627D6C025}.Release|x86.Build.0 = Release|Win32
	EndGlobalSection
	GlobalSection(SolutionProperties) = preSolution
		HideSolutionNode = FALSE
	EndGlobalSection
	GlobalSection(ExtensibilityGlobals) = postSolution
		SolutionGuid = {8233E604-3582-4FAC-AD82-97EA35576926}
	EndGlobalSection
EndGlobal
